
Microsoft Visual Studio Solution File, Format Version 12.00
# Visual Studio Version 16
VisualStudioVersion = 16.0.31129.286
MinimumVisualStudioVersion = 10.0.40219.1
Project("{9A19103F-16F7-4668-BE54-9A1E7A4F7556}") = "MvcThales", "MvcThales\MvcThales.csproj", "{0078D0B3-011B-409C-A270-6F78893F3E88}"
EndProject
Project("{9A19103F-16F7-4668-BE54-9A1E7A4F7556}") = "Service", "Dominio\Service.csproj", "{12F869D7-000E-4160-B2EE-E59F8E3F6CA5}"
EndProject
Project("{9A19103F-16F7-4668-BE54-9A1E7A4F7556}") = "Repositorio", "Repositorio\Repositorio.csproj", "{A67D8165-4EB6-4F45-9B12-C91C5306C5C5}"
EndProject
Global
	GlobalSection(SolutionConfigurationPlatforms) = preSolution
		Debug|Any CPU = Debug|Any CPU
		Release|Any CPU = Release|Any CPU
	EndGlobalSection
	GlobalSection(ProjectConfigurationPlatforms) = postSolution
		{0078D0B3-011B-409C-A270-6F78893F3E88}.Debug|Any CPU.ActiveCfg = Debug|Any CPU
		{0078D0B3-011B-409C-A270-6F78893F3E88}.Debug|Any CPU.Build.0 = Debug|Any CPU
		{0078D0B3-011B-409C-A270-6F78893F3E88}.Release|Any CPU.ActiveCfg = Release|Any CPU
		{0078D0B3-011B-409C-A270-6F78893F3E88}.Release|Any CPU.Build.0 = Release|Any CPU
		{12F869D7-000E-4160-B2EE-E59F8E3F6CA5}.Debug|Any CPU.ActiveCfg = Debug|Any CPU
		{12F869D7-000E-4160-B2EE-E59F8E3F6CA5}.Debug|Any CPU.Build.0 = Debug|Any CPU
		{12F869D7-000E-4160-B2EE-E59F8E3F6CA5}.Release|Any CPU.ActiveCfg = Release|Any CPU
		{12F869D7-000E-4160-B2EE-E59F8E3F6CA5}.Release|Any CPU.Build.0 = Release|Any CPU
		{A67D8165-4EB6-4F45-9B12-C91C5306C5C5}.Debug|Any CPU.ActiveCfg = Debug|Any CPU
		{A67D8165-4EB6-4F45-9B12-C91C5306C5C5}.Debug|Any CPU.Build.0 = Debug|Any CPU
		{A67D8165-4EB6-4F45-9B12-C91C5306C5C5}.Release|Any CPU.ActiveCfg = Release|Any CPU
		{A67D8165-4EB6-4F45-9B12-C91C5306C5C5}.Release|Any CPU.Build.0 = Release|Any CPU
	EndGlobalSection
	GlobalSection(SolutionProperties) = preSolution
		HideSolutionNode = FALSE
	EndGlobalSection
	GlobalSection(ExtensibilityGlobals) = postSolution
		SolutionGuid = {04AE0A99-7B12-467A-928F-1CC187286561}
	EndGlobalSection
EndGlobal
